// !$*UTF8*$!
{
	archiveVersion = 1;
	classes = {
	};
	objectVersion = 50;
	objects = {

/* Begin PBXBuildFile section */
		E4E0350325C624CF005CFFB9 /* AppDelegate.swift in Sources */ = {isa = PBXBuildFile; fileRef = E4E0350225C624CF005CFFB9 /* AppDelegate.swift */; };
		E4E0350525C624CF005CFFB9 /* SceneDelegate.swift in Sources */ = {isa = PBXBuildFile; fileRef = E4E0350425C624CF005CFFB9 /* SceneDelegate.swift */; };
		E4E0350725C624CF005CFFB9 /* ViewController.swift in Sources */ = {isa = PBXBuildFile; fileRef = E4E0350625C624CF005CFFB9 /* ViewController.swift */; };
		E4E0350A25C624CF005CFFB9 /* Main.storyboard in Resources */ = {isa = PBXBuildFile; fileRef = E4E0350825C624CF005CFFB9 /* Main.storyboard */; };
		E4E0350C25C624CF005CFFB9 /* Assets.xcassets in Resources */ = {isa = PBXBuildFile; fileRef = E4E0350B25C624CF005CFFB9 /* Assets.xcassets */; };
		E4E0350F25C624CF005CFFB9 /* LaunchScreen.storyboard in Resources */ = {isa = PBXBuildFile; fileRef = E4E0350D25C624CF005CFFB9 /* LaunchScreen.storyboard */; };
		E4E0351A25C6251C005CFFB9 /* NavigationBarView.xib in Resources */ = {isa = PBXBuildFile; fileRef = E4E0351925C6251C005CFFB9 /* NavigationBarView.xib */; };
		E4E0351D25C62666005CFFB9 /* NavigationBarView.swift in Sources */ = {isa = PBXBuildFile; fileRef = E4E0351C25C62666005CFFB9 /* NavigationBarView.swift */; };
		E4E0352025C628B4005CFFB9 /* Models.swift in Sources */ = {isa = PBXBuildFile; fileRef = E4E0351F25C628B4005CFFB9 /* Models.swift */; };
		E4E0352325C62CDC005CFFB9 /* StoriesCollectionViewCell.swift in Sources */ = {isa = PBXBuildFile; fileRef = E4E0352225C62CDC005CFFB9 /* StoriesCollectionViewCell.swift */; };
/* End PBXBuildFile section */

/* Begin PBXFileReference section */
		E4E034FF25C624CF005CFFB9 /* Instagram.app */ = {isa = PBXFileReference; explicitFileType = wrapper.application; includeInIndex = 0; path = Instagram.app; sourceTree = BUILT_PRODUCTS_DIR; };
		E4E0350225C624CF005CFFB9 /* AppDelegate.swift */ = {isa = PBXFileReference; lastKnownFileType = sourcecode.swift; path = AppDelegate.swift; sourceTree = "<group>"; };
		E4E0350425C624CF005CFFB9 /* SceneDelegate.swift */ = {isa = PBXFileReference; lastKnownFileType = sourcecode.swift; path = SceneDelegate.swift; sourceTree = "<group>"; };
		E4E0350625C624CF005CFFB9 /* ViewController.swift */ = {isa = PBXFileReference; lastKnownFileType = sourcecode.swift; path = ViewController.swift; sourceTree = "<group>"; };
		E4E0350925C624CF005CFFB9 /* Base */ = {isa = PBXFileReference; lastKnownFileType = file.storyboard; name = Base; path = Base.lproj/Main.storyboard; sourceTree = "<group>"; };
		E4E0350B25C624CF005CFFB9 /* Assets.xcassets */ = {isa = PBXFileReference; lastKnownFileType = folder.assetcatalog; path = Assets.xcassets; sourceTree = "<group>"; };
		E4E0350E25C624CF005CFFB9 /* Base */ = {isa = PBXFileReference; lastKnownFileType = file.storyboard; name = Base; path = Base.lproj/LaunchScreen.storyboard; sourceTree = "<group>"; };
		E4E0351025C624CF005CFFB9 /* Info.plist */ = {isa = PBXFileReference; lastKnownFileType = text.plist.xml; path = Info.plist; sourceTree = "<group>"; };
		E4E0351925C6251C005CFFB9 /* NavigationBarView.xib */ = {isa = PBXFileReference; lastKnownFileType = file.xib; path = NavigationBarView.xib; sourceTree = "<group>"; };
		E4E0351C25C62666005CFFB9 /* NavigationBarView.swift */ = {isa = PBXFileReference; lastKnownFileType = sourcecode.swift; path = NavigationBarView.swift; sourceTree = "<group>"; };
		E4E0351F25C628B4005CFFB9 /* Models.swift */ = {isa = PBXFileReference; lastKnownFileType = sourcecode.swift; path = Models.swift; sourceTree = "<group>"; };
		E4E0352225C62CDC005CFFB9 /* StoriesCollectionViewCell.swift */ = {isa = PBXFileReference; lastKnownFileType = sourcecode.swift; path = StoriesCollectionViewCell.swift; sourceTree = "<group>"; };
/* End PBXFileReference section */

/* Begin PBXFrameworksBuildPhase section */
		E4E034FC25C624CF005CFFB9 /* Frameworks */ = {
			isa = PBXFrameworksBuildPhase;
			buildActionMask = 2147483647;
			files = (
			);
			runOnlyForDeploymentPostprocessing = 0;
		};
/* End PBXFrameworksBuildPhase section */

/* Begin PBXGroup section */
		E4E034F625C624CE005CFFB9 = {
			isa = PBXGroup;
			children = (
				E4E0350125C624CF005CFFB9 /* Instagram */,
				E4E0350025C624CF005CFFB9 /* Products */,
			);
			sourceTree = "<group>";
		};
		E4E0350025C624CF005CFFB9 /* Products */ = {
			isa = PBXGroup;
			children = (
				E4E034FF25C624CF005CFFB9 /* Instagram.app */,
			);
			name = Products;
			sourceTree = "<group>";
		};
		E4E0350125C624CF005CFFB9 /* Instagram */ = {
			isa = PBXGroup;
			children = (
				E4E0351825C62502005CFFB9 /* NavigationBar */,
				E4E0350225C624CF005CFFB9 /* AppDelegate.swift */,
				E4E0350425C624CF005CFFB9 /* SceneDelegate.swift */,
				E4E0350625C624CF005CFFB9 /* ViewController.swift */,
				E4E0350825C624CF005CFFB9 /* Main.storyboard */,
				E4E0352225C62CDC005CFFB9 /* StoriesCollectionViewCell.swift */,
				E4E0350B25C624CF005CFFB9 /* Assets.xcassets */,
				E4E0350D25C624CF005CFFB9 /* LaunchScreen.storyboard */,
				E4E0351025C624CF005CFFB9 /* Info.plist */,
				E4E0351F25C628B4005CFFB9 /* Models.swift */,
			);
			path = Instagram;
			sourceTree = "<group>";
		};
		E4E0351825C62502005CFFB9 /* NavigationBar */ = {
			isa = PBXGroup;
			children = (
				E4E0351925C6251C005CFFB9 /* NavigationBarView.xib */,
				E4E0351C25C62666005CFFB9 /* NavigationBarView.swift */,
			);
			path = NavigationBar;
			sourceTree = "<group>";
		};
/* End PBXGroup section */

/* Begin PBXNativeTarget section */
		E4E034FE25C624CF005CFFB9 /* Instagram */ = {
			isa = PBXNativeTarget;
			buildConfigurationList = E4E0351325C624CF005CFFB9 /* Build configuration list for PBXNativeTarget "Instagram" */;
			buildPhases = (
				E4E034FB25C624CF005CFFB9 /* Sources */,
				E4E034FC25C624CF005CFFB9 /* Frameworks */,
				E4E034FD25C624CF005CFFB9 /* Resources */,
			);
			buildRules = (
			);
			dependencies = (
			);
			name = Instagram;
			productName = Instagram;
			productReference = E4E034FF25C624CF005CFFB9 /* Instagram.app */;
			productType = "com.apple.product-type.application";
		};
/* End PBXNativeTarget section */

/* Begin PBXProject section */
		E4E034F725C624CE005CFFB9 /* Project object */ = {
			isa = PBXProject;
			attributes = {
				LastSwiftUpdateCheck = 1240;
				LastUpgradeCheck = 1240;
				TargetAttributes = {
					E4E034FE25C624CF005CFFB9 = {
						CreatedOnToolsVersion = 12.4;
					};
				};
			};
			buildConfigurationList = E4E034FA25C624CE005CFFB9 /* Build configuration list for PBXProject "Instagram" */;
			compatibilityVersion = "Xcode 9.3";
			developmentRegion = en;
			hasScannedForEncodings = 0;
			knownRegions = (
				en,
				Base,
			);
			mainGroup = E4E034F625C624CE005CFFB9;
			productRefGroup = E4E0350025C624CF005CFFB9 /* Products */;
			projectDirPath = "";
			projectRoot = "";
			targets = (
				E4E034FE25C624CF005CFFB9 /* Instagram */,
			);
		};
/* End PBXProject section */

/* Begin PBXResourcesBuildPhase section */
		E4E034FD25C624CF005CFFB9 /* Resources */ = {
			isa = PBXResourcesBuildPhase;
			buildActionMask = 2147483647;
			files = (
				E4E0350F25C624CF005CFFB9 /* LaunchScreen.storyboard in Resources */,
				E4E0350C25C624CF005CFFB9 /* Assets.xcassets in Resources */,
				E4E0351A25C6251C005CFFB9 /* NavigationBarView.xib in Resources */,
				E4E0350A25C624CF005CFFB9 /* Main.storyboard in Resources */,
			);
			runOnlyForDeploymentPostprocessing = 0;
		};
/* End PBXResourcesBuildPhase section */

/* Begin PBXSourcesBuildPhase section */
		E4E034FB25C624CF005CFFB9 /* Sources */ = {
			isa = PBXSourcesBuildPhase;
			buildActionMask = 2147483647;
			files = (
				E4E0352325C62CDC005CFFB9 /* StoriesCollectionViewCell.swift in Sources */,
				E4E0350725C624CF005CFFB9 /* ViewController.swift in Sources */,
				E4E0350325C624CF005CFFB9 /* AppDelegate.swift in Sources */,
				E4E0351D25C62666005CFFB9 /* NavigationBarView.swift in Sources */,
				E4E0350525C624CF005CFFB9 /* SceneDelegate.swift in Sources */,
				E4E0352025C628B4005CFFB9 /* Models.swift in Sources */,
			);
			runOnlyForDeploymentPostprocessing = 0;
		};
/* End PBXSourcesBuildPhase section */

/* Begin PBXVariantGroup section */
		E4E0350825C624CF005CFFB9 /* Main.storyboard */ = {
			isa = PBXVariantGroup;
			children = (
				E4E0350925C624CF005CFFB9 /* Base */,
			);
			name = Main.storyboard;
			sourceTree = "<group>";
		};
		E4E0350D25C624CF005CFFB9 /* LaunchScreen.storyboard */ = {
			isa = PBXVariantGroup;
			children = (
				E4E0350E25C624CF005CFFB9 /* Base */,
			);
			name = LaunchScreen.storyboard;
			sourceTree = "<group>";
		};
/* End PBXVariantGroup section */

/* Begin XCBuildConfiguration section */
		E4E0351125C624CF005CFFB9 /* Debug */ = {
			isa = XCBuildConfiguration;
			buildSettings = {
				ALWAYS_SEARCH_USER_PATHS = NO;
				CLANG_ANALYZER_NONNULL = YES;
				CLANG_ANALYZER_NUMBER_OBJECT_CONVERSION = YES_AGGRESSIVE;
				CLANG_CXX_LANGUAGE_STANDARD = "gnu++14";
				CLANG_CXX_LIBRARY = "libc++";
				CLANG_ENABLE_MODULES = YES;
				CLANG_ENABLE_OBJC_ARC = YES;
				CLANG_ENABLE_OBJC_WEAK = YES;
				CLANG_WARN_BLOCK_CAPTURE_AUTORELEASING = YES;
				CLANG_WARN_BOOL_CONVERSION = YES;
				CLANG_WARN_COMMA = YES;
				CLANG_WARN_CONSTANT_CONVERSION = YES;
				CLANG_WARN_DEPRECATED_OBJC_IMPLEMENTATIONS = YES;
				CLANG_WARN_DIRECT_OBJC_ISA_USAGE = YES_ERROR;
				CLANG_WARN_DOCUMENTATION_COMMENTS = YES;
				CLANG_WARN_EMPTY_BODY = YES;
				CLANG_WARN_ENUM_CONVERSION = YES;
				CLANG_WARN_INFINITE_RECURSION = YES;
				CLANG_WARN_INT_CONVERSION = YES;
				CLANG_WARN_NON_LITERAL_NULL_CONVERSION = YES;
				CLANG_WARN_OBJC_IMPLICIT_RETAIN_SELF = YES;
				CLANG_WARN_OBJC_LITERAL_CONVERSION = YES;
				CLANG_WARN_OBJC_ROOT_CLASS = YES_ERROR;
				CLANG_WARN_QUOTED_INCLUDE_IN_FRAMEWORK_HEADER = YES;
				CLANG_WARN_RANGE_LOOP_ANALYSIS = YES;
				CLANG_WARN_STRICT_PROTOTYPES = YES;
				CLANG_WARN_SUSPICIOUS_MOVE = YES;
				CLANG_WARN_UNGUARDED_AVAILABILITY = YES_AGGRESSIVE;
				CLANG_WARN_UNREACHABLE_CODE = YES;
				CLANG_WARN__DUPLICATE_METHOD_MATCH = YES;
				COPY_PHASE_STRIP = NO;
				DEBUG_INFORMATION_FORMAT = dwarf;
				ENABLE_STRICT_OBJC_MSGSEND = YES;
				ENABLE_TESTABILITY = YES;
				GCC_C_LANGUAGE_STANDARD = gnu11;
				GCC_DYNAMIC_NO_PIC = NO;
				GCC_NO_COMMON_BLOCKS = YES;
				GCC_OPTIMIZATION_LEVEL = 0;
				GCC_PREPROCESSOR_DEFINITIONS = (
					"DEBUG=1",
					"$(inherited)",
				);
				GCC_WARN_64_TO_32_BIT_CONVERSION = YES;
				GCC_WARN_ABOUT_RETURN_TYPE = YES_ERROR;
				GCC_WARN_UNDECLARED_SELECTOR = YES;
				GCC_WARN_UNINITIALIZED_AUTOS = YES_AGGRESSIVE;
				GCC_WARN_UNUSED_FUNCTION = YES;
				GCC_WARN_UNUSED_VARIABLE = YES;
				IPHONEOS_DEPLOYMENT_TARGET = 14.4;
				MTL_ENABLE_DEBUG_INFO = INCLUDE_SOURCE;
				MTL_FAST_MATH = YES;
				ONLY_ACTIVE_ARCH = YES;
				SDKROOT = iphoneos;
				SWIFT_ACTIVE_COMPILATION_CONDITIONS = DEBUG;
				SWIFT_OPTIMIZATION_LEVEL = "-Onone";
			};
			name = Debug;
		};
		E4E0351225C624CF005CFFB9 /* Release */ = {
			isa = XCBuildConfiguration;
			buildSettings = {
				ALWAYS_SEARCH_USER_PATHS = NO;
				CLANG_ANALYZER_NONNULL = YES;
				CLANG_ANALYZER_NUMBER_OBJECT_CONVERSION = YES_AGGRESSIVE;
				CLANG_CXX_LANGUAGE_STANDARD = "gnu++14";
				CLANG_CXX_LIBRARY = "libc++";
				CLANG_ENABLE_MODULES = YES;
				CLANG_ENABLE_OBJC_ARC = YES;
				CLANG_ENABLE_OBJC_WEAK = YES;
				CLANG_WARN_BLOCK_CAPTURE_AUTORELEASING = YES;
				CLANG_WARN_BOOL_CONVERSION = YES;
				CLANG_WARN_COMMA = YES;
				CLANG_WARN_CONSTANT_CONVERSION = YES;
				CLANG_WARN_DEPRECATED_OBJC_IMPLEMENTATIONS = YES;
				CLANG_WARN_DIRECT_OBJC_ISA_USAGE = YES_ERROR;
				CLANG_WARN_DOCUMENTATION_COMMENTS = YES;
				CLANG_WARN_EMPTY_BODY = YES;
				CLANG_WARN_ENUM_CONVERSION = YES;
				CLANG_WARN_INFINITE_RECURSION = YES;
				CLANG_WARN_INT_CONVERSION = YES;
				CLANG_WARN_NON_LITERAL_NULL_CONVERSION = YES;
				CLANG_WARN_OBJC_IMPLICIT_RETAIN_SELF = YES;
				CLANG_WARN_OBJC_LITERAL_CONVERSION = YES;
				CLANG_WARN_OBJC_ROOT_CLASS = YES_ERROR;
				CLANG_WARN_QUOTED_INCLUDE_IN_FRAMEWORK_HEADER = YES;
				CLANG_WARN_RANGE_LOOP_ANALYSIS = YES;
				CLANG_WARN_STRICT_PROTOTYPES = YES;
				CLANG_WARN_SUSPICIOUS_MOVE = YES;
				CLANG_WARN_UNGUARDED_AVAILABILITY = YES_AGGRESSIVE;
				CLANG_WARN_UNREACHABLE_CODE = YES;
				CLANG_WARN__DUPLICATE_METHOD_MATCH = YES;
				COPY_PHASE_STRIP = NO;
				DEBUG_INFORMATION_FORMAT = "dwarf-with-dsym";
				ENABLE_NS_ASSERTIONS = NO;
				ENABLE_STRICT_OBJC_MSGSEND = YES;
				GCC_C_LANGUAGE_STANDARD = gnu11;
				GCC_NO_COMMON_BLOCKS = YES;
				GCC_WARN_64_TO_32_BIT_CONVERSION = YES;
				GCC_WARN_ABOUT_RETURN_TYPE = YES_ERROR;
				GCC_WARN_UNDECLARED_SELECTOR = YES;
				GCC_WARN_UNINITIALIZED_AUTOS = YES_AGGRESSIVE;
				GCC_WARN_UNUSED_FUNCTION = YES;
				GCC_WARN_UNUSED_VARIABLE = YES;
				IPHONEOS_DEPLOYMENT_TARGET = 14.4;
				MTL_ENABLE_DEBUG_INFO = NO;
				MTL_FAST_MATH = YES;
				SDKROOT = iphoneos;
				SWIFT_COMPILATION_MODE = wholemodule;
				SWIFT_OPTIMIZATION_LEVEL = "-O";
				VALIDATE_PRODUCT = YES;
			};
			name = Release;
		};
		E4E0351425C624CF005CFFB9 /* Debug */ = {
			isa = XCBuildConfiguration;
			buildSettings = {
				ASSETCATALOG_COMPILER_APPICON_NAME = AppIcon;
				ASSETCATALOG_COMPILER_GLOBAL_ACCENT_COLOR_NAME = AccentColor;
				CODE_SIGN_STYLE = Automatic;
				DEVELOPMENT_TEAM = 5MS9KG4339;
				INFOPLIST_FILE = Instagram/Info.plist;
				LD_RUNPATH_SEARCH_PATHS = (
					"$(inherited)",
					"@executable_path/Frameworks",
				);
				PRODUCT_BUNDLE_IDENTIFIER = koko.Instagram;
				PRODUCT_NAME = "$(TARGET_NAME)";
				SWIFT_VERSION = 5.0;
				TARGETED_DEVICE_FAMILY = "1,2";
			};
			name = Debug;
		};
		E4E0351525C624CF005CFFB9 /* Release */ = {
			isa = XCBuildConfiguration;
			buildSettings = {
				ASSETCATALOG_COMPILER_APPICON_NAME = AppIcon;
				ASSETCATALOG_COMPILER_GLOBAL_ACCENT_COLOR_NAME = AccentColor;
				CODE_SIGN_STYLE = Automatic;
				DEVELOPMENT_TEAM = 5MS9KG4339;
				INFOPLIST_FILE = Instagram/Info.plist;
				LD_RUNPATH_SEARCH_PATHS = (
					"$(inherited)",
					"@executable_path/Frameworks",
				);
				PRODUCT_BUNDLE_IDENTIFIER = koko.Instagram;
				PRODUCT_NAME = "$(TARGET_NAME)";
				SWIFT_VERSION = 5.0;
				TARGETED_DEVICE_FAMILY = "1,2";
			};
			name = Release;
		};
/* End XCBuildConfiguration section */

/* Begin XCConfigurationList section */
		E4E034FA25C624CE005CFFB9 /* Build configuration list for PBXProject "Instagram" */ = {
			isa = XCConfigurationList;
			buildConfigurations = (
				E4E0351125C624CF005CFFB9 /* Debug */,
				E4E0351225C624CF005CFFB9 /* Release */,
			);
			defaultConfigurationIsVisible = 0;
			defaultConfigurationName = Release;
		};
		E4E0351325C624CF005CFFB9 /* Build configuration list for PBXNativeTarget "Instagram" */ = {
			isa = XCConfigurationList;
			buildConfigurations = (
				E4E0351425C624CF005CFFB9 /* Debug */,
				E4E0351525C624CF005CFFB9 /* Release */,
			);
			defaultConfigurationIsVisible = 0;
			defaultConfigurationName = Release;
		};
/* End XCConfigurationList section */
	};
	rootObject = E4E034F725C624CE005CFFB9 /* Project object */;
}
